
Microsoft Visual Studio Solution File, Format Version 12.00
# Visual Studio Version 16
VisualStudioVersion = 16.0.31402.337
MinimumVisualStudioVersion = 10.0.40219.1
Project("{FAE04EC0-301F-11D3-BF4B-00C04F79EFBC}") = "Knusk!!", "Knusk!!\Knusk!!.csproj", "{49807354-B054-4A92-8B0F-2D8F98109F2A}"
EndProject
Global
	GlobalSection(SolutionConfigurationPlatforms) = preSolution
		Debug|Any CPU = Debug|Any CPU
		Release|Any CPU = Release|Any CPU
	EndGlobalSection
	GlobalSection(ProjectConfigurationPlatforms) = postSolution
		{49807354-B054-4A92-8B0F-2D8F98109F2A}.Debug|Any CPU.ActiveCfg = Debug|Any CPU
		{49807354-B054-4A92-8B0F-2D8F98109F2A}.Debug|Any CPU.Build.0 = Debug|Any CPU
		{49807354-B054-4A92-8B0F-2D8F98109F2A}.Release|Any CPU.ActiveCfg = Release|Any CPU
		{49807354-B054-4A92-8B0F-2D8F98109F2A}.Release|Any CPU.Build.0 = Release|Any CPU
	EndGlobalSection
	GlobalSection(SolutionProperties) = preSolution
		HideSolutionNode = FALSE
	EndGlobalSection
	GlobalSection(ExtensibilityGlobals) = postSolution
		SolutionGuid = {3E705447-D687-461E-A9C4-56F435A65AFA}
	EndGlobalSection
EndGlobal
